[[package]]
category = "main"
description = "Python GUIs for Humans. Launched in 2018. It's 2021 & PySimpleGUI is an ACTIVE project. Super-simple to create custom GUI's. 300 Demo programs & Cookbook for rapid start. Extensive documentation. Main docs at www.PySimpleGUI.org. Your success is the focus. Examples using Machine Learning (GUI, OpenCV Integration,  Chatterbot), Rainmeter Style Desktop Widgets, Matplotlib + Pyplot, PIL support, add GUI to command line scripts, PDF & Image Viewers. Great for beginners & advanced GUI programmers"
name = "pysimplegui"
optional = false
python-versions = "*"
version = "4.34.0"

[metadata]
content-hash = "91ae7d29a57cf17b7651ad33428dd547e65e1a78296078addd2a0243f2e23fbb"
python-versions = "^3.8"

[metadata.files]
pysimplegui = [
    {file = "PySimpleGUI-4.34.0-py3-none-any.whl", hash = "sha256:b7b986512d77bf50a92207579bed4cf7f2f287ce14a82f4b57c5f368bca54c9c"},
    {file = "PySimpleGUI-4.34.0.tar.gz", hash = "sha256:1169d3434137242eca2c95ca13ec21de398990563e8f58a10b581ebd127b13cd"},
]
